{"1.1.0",
[{<<"jsx">>,{pkg,<<"jsx">>,<<"2.11.0">>},0},
 {<<"quickrand">>,{pkg,<<"quickrand">>,<<"2.0.0">>},1},
 {<<"uuid">>,{pkg,<<"uuid_erl">>,<<"2.0.0">>},0}]}.
[
{pkg_hash,[
 {<<"jsx">>, <<"08154624050333919B4AC1B789667D5F4DB166DC50E190C4D778D1587F102EE0">>},
 {<<"quickrand">>, <<"665C49881808DA68A5C58DDEDA16EA60B16BE54DBB719B029EEA5835FD12DAE9">>},
 {<<"uuid">>, <<"02C713FAC0E73E5F366CBA541216F1E956E2F00C91C7530D4B21DEC7D3ADA164">>}]}
].
